// !$*UTF8*$!
{
	archiveVersion = 1;
	classes = {
	};
	objectVersion = 46;
	objects = {

/* Begin PBXBuildFile section */
		48D298291F43540E00FF3EA8 /* AppDelegate.swift in Sources */ = {isa = PBXBuildFile; fileRef = 48D298281F43540E00FF3EA8 /* AppDelegate.swift */; };
		48D2982B1F43540E00FF3EA8 /* ViewController.swift in Sources */ = {isa = PBXBuildFile; fileRef = 48D2982A1F43540E00FF3EA8 /* ViewController.swift */; };
		48D2982E1F43540E00FF3EA8 /* Main.storyboard in Resources */ = {isa = PBXBuildFile; fileRef = 48D2982C1F43540E00FF3EA8 /* Main.storyboard */; };
		48D298301F43540E00FF3EA8 /* Assets.xcassets in Resources */ = {isa = PBXBuildFile; fileRef = 48D2982F1F43540E00FF3EA8 /* Assets.xcassets */; };
		48D298331F43540E00FF3EA8 /* LaunchScreen.storyboard in Resources */ = {isa = PBXBuildFile; fileRef = 48D298311F43540E00FF3EA8 /* LaunchScreen.storyboard */; };
		48D2983E1F43540E00FF3EA8 /* iOS_To_Do_AppTests.swift in Sources */ = {isa = PBXBuildFile; fileRef = 48D2983D1F43540E00FF3EA8 /* iOS_To_Do_AppTests.swift */; };
		48D298491F43540E00FF3EA8 /* iOS_To_Do_AppUITests.swift in Sources */ = {isa = PBXBuildFile; fileRef = 48D298481F43540E00FF3EA8 /* iOS_To_Do_AppUITests.swift */; };
/* End PBXBuildFile section */

/* Begin PBXContainerItemProxy section */
		48D2983A1F43540E00FF3EA8 /* PBXContainerItemProxy */ = {
			isa = PBXContainerItemProxy;
			containerPortal = 48D2981D1F43540E00FF3EA8 /* Project object */;
			proxyType = 1;
			remoteGlobalIDString = 48D298241F43540E00FF3EA8;
			remoteInfo = "iOS-To Do App";
		};
		48D298451F43540E00FF3EA8 /* PBXContainerItemProxy */ = {
			isa = PBXContainerItemProxy;
			containerPortal = 48D2981D1F43540E00FF3EA8 /* Project object */;
			proxyType = 1;
			remoteGlobalIDString = 48D298241F43540E00FF3EA8;
			remoteInfo = "iOS-To Do App";
		};
/* End PBXContainerItemProxy section */

/* Begin PBXFileReference section */
		48D298251F43540E00FF3EA8 /* iOS-To Do App.app */ = {isa = PBXFileReference; explicitFileType = wrapper.application; includeInIndex = 0; path = "iOS-To Do App.app"; sourceTree = BUILT_PRODUCTS_DIR; };
		48D298281F43540E00FF3EA8 /* AppDelegate.swift */ = {isa = PBXFileReference; lastKnownFileType = sourcecode.swift; path = AppDelegate.swift; sourceTree = "<group>"; };
		48D2982A1F43540E00FF3EA8 /* ViewController.swift */ = {isa = PBXFileReference; lastKnownFileType = sourcecode.swift; path = ViewController.swift; sourceTree = "<group>"; };
		48D2982D1F43540E00FF3EA8 /* Base */ = {isa = PBXFileReference; lastKnownFileType = file.storyboard; name = Base; path = Base.lproj/Main.storyboard; sourceTree = "<group>"; };
		48D2982F1F43540E00FF3EA8 /* Assets.xcassets */ = {isa = PBXFileReference; lastKnownFileType = folder.assetcatalog; path = Assets.xcassets; sourceTree = "<group>"; };
		48D298321F43540E00FF3EA8 /* Base */ = {isa = PBXFileReference; lastKnownFileType = file.storyboard; name = Base; path = Base.lproj/LaunchScreen.storyboard; sourceTree = "<group>"; };
		48D298341F43540E00FF3EA8 /* Info.plist */ = {isa = PBXFileReference; lastKnownFileType = text.plist.xml; path = Info.plist; sourceTree = "<group>"; };
		48D298391F43540E00FF3EA8 /* iOS-To Do AppTests.xctest */ = {isa = PBXFileReference; explicitFileType = wrapper.cfbundle; includeInIndex = 0; path = "iOS-To Do AppTests.xctest"; sourceTree = BUILT_PRODUCTS_DIR; };
		48D2983D1F43540E00FF3EA8 /* iOS_To_Do_AppTests.swift */ = {isa = PBXFileReference; lastKnownFileType = sourcecode.swift; path = iOS_To_Do_AppTests.swift; sourceTree = "<group>"; };
		48D2983F1F43540E00FF3EA8 /* Info.plist */ = {isa = PBXFileReference; lastKnownFileType = text.plist.xml; path = Info.plist; sourceTree = "<group>"; };
		48D298441F43540E00FF3EA8 /* iOS-To Do AppUITests.xctest */ = {isa = PBXFileReference; explicitFileType = wrapper.cfbundle; includeInIndex = 0; path = "iOS-To Do AppUITests.xctest"; sourceTree = BUILT_PRODUCTS_DIR; };
		48D298481F43540E00FF3EA8 /* iOS_To_Do_AppUITests.swift */ = {isa = PBXFileReference; lastKnownFileType = sourcecode.swift; path = iOS_To_Do_AppUITests.swift; sourceTree = "<group>"; };
		48D2984A1F43540E00FF3EA8 /* Info.plist */ = {isa = PBXFileReference; lastKnownFileType = text.plist.xml; path = Info.plist; sourceTree = "<group>"; };
/* End PBXFileReference section */

/* Begin PBXFrameworksBuildPhase section */
		48D298221F43540E00FF3EA8 /* Frameworks */ = {
			isa = PBXFrameworksBuildPhase;
			buildActionMask = 2147483647;
			files = (
			);
			runOnlyForDeploymentPostprocessing = 0;
		};
		48D298361F43540E00FF3EA8 /* Frameworks */ = {
			isa = PBXFrameworksBuildPhase;
			buildActionMask = 2147483647;
			files = (
			);
			runOnlyForDeploymentPostprocessing = 0;
		};
		48D298411F43540E00FF3EA8 /* Frameworks */ = {
			isa = PBXFrameworksBuildPhase;
			buildActionMask = 2147483647;
			files = (
			);
			runOnlyForDeploymentPostprocessing = 0;
		};
/* End PBXFrameworksBuildPhase section */

/* Begin PBXGroup section */
		48D2981C1F43540E00FF3EA8 = {
			isa = PBXGroup;
			children = (
				48D298271F43540E00FF3EA8 /* iOS-To Do App */,
				48D2983C1F43540E00FF3EA8 /* iOS-To Do AppTests */,
				48D298471F43540E00FF3EA8 /* iOS-To Do AppUITests */,
				48D298261F43540E00FF3EA8 /* Products */,
			);
			sourceTree = "<group>";
		};
		48D298261F43540E00FF3EA8 /* Products */ = {
			isa = PBXGroup;
			children = (
				48D298251F43540E00FF3EA8 /* iOS-To Do App.app */,
				48D298391F43540E00FF3EA8 /* iOS-To Do AppTests.xctest */,
				48D298441F43540E00FF3EA8 /* iOS-To Do AppUITests.xctest */,
			);
			name = Products;
			sourceTree = "<group>";
		};
		48D298271F43540E00FF3EA8 /* iOS-To Do App */ = {
			isa = PBXGroup;
			children = (
				48D298281F43540E00FF3EA8 /* AppDelegate.swift */,
				48D2982A1F43540E00FF3EA8 /* ViewController.swift */,
				48D2982C1F43540E00FF3EA8 /* Main.storyboard */,
				48D2982F1F43540E00FF3EA8 /* Assets.xcassets */,
				48D298311F43540E00FF3EA8 /* LaunchScreen.storyboard */,
				48D298341F43540E00FF3EA8 /* Info.plist */,
			);
			path = "iOS-To Do App";
			sourceTree = "<group>";
		};
		48D2983C1F43540E00FF3EA8 /* iOS-To Do AppTests */ = {
			isa = PBXGroup;
			children = (
				48D2983D1F43540E00FF3EA8 /* iOS_To_Do_AppTests.swift */,
				48D2983F1F43540E00FF3EA8 /* Info.plist */,
			);
			path = "iOS-To Do AppTests";
			sourceTree = "<group>";
		};
		48D298471F43540E00FF3EA8 /* iOS-To Do AppUITests */ = {
			isa = PBXGroup;
			children = (
				48D298481F43540E00FF3EA8 /* iOS_To_Do_AppUITests.swift */,
				48D2984A1F43540E00FF3EA8 /* Info.plist */,
			);
			path = "iOS-To Do AppUITests";
			sourceTree = "<group>";
		};
/* End PBXGroup section */

/* Begin PBXNativeTarget section */
		48D298241F43540E00FF3EA8 /* iOS-To Do App */ = {
			isa = PBXNativeTarget;
			buildConfigurationList = 48D2984D1F43540E00FF3EA8 /* Build configuration list for PBXNativeTarget "iOS-To Do App" */;
			buildPhases = (
				48D298211F43540E00FF3EA8 /* Sources */,
				48D298221F43540E00FF3EA8 /* Frameworks */,
				48D298231F43540E00FF3EA8 /* Resources */,
			);
			buildRules = (
			);
			dependencies = (
			);
			name = "iOS-To Do App";
			productName = "iOS-To Do App";
			productReference = 48D298251F43540E00FF3EA8 /* iOS-To Do App.app */;
			productType = "com.apple.product-type.application";
		};
		48D298381F43540E00FF3EA8 /* iOS-To Do AppTests */ = {
			isa = PBXNativeTarget;
			buildConfigurationList = 48D298501F43540E00FF3EA8 /* Build configuration list for PBXNativeTarget "iOS-To Do AppTests" */;
			buildPhases = (
				48D298351F43540E00FF3EA8 /* Sources */,
				48D298361F43540E00FF3EA8 /* Frameworks */,
				48D298371F43540E00FF3EA8 /* Resources */,
			);
			buildRules = (
			);
			dependencies = (
				48D2983B1F43540E00FF3EA8 /* PBXTargetDependency */,
			);
			name = "iOS-To Do AppTests";
			productName = "iOS-To Do AppTests";
			productReference = 48D298391F43540E00FF3EA8 /* iOS-To Do AppTests.xctest */;
			productType = "com.apple.product-type.bundle.unit-test";
		};
		48D298431F43540E00FF3EA8 /* iOS-To Do AppUITests */ = {
			isa = PBXNativeTarget;
			buildConfigurationList = 48D298531F43540E00FF3EA8 /* Build configuration list for PBXNativeTarget "iOS-To Do AppUITests" */;
			buildPhases = (
				48D298401F43540E00FF3EA8 /* Sources */,
				48D298411F43540E00FF3EA8 /* Frameworks */,
				48D298421F43540E00FF3EA8 /* Resources */,
			);
			buildRules = (
			);
			dependencies = (
				48D298461F43540E00FF3EA8 /* PBXTargetDependency */,
			);
			name = "iOS-To Do AppUITests";
			productName = "iOS-To Do AppUITests";
			productReference = 48D298441F43540E00FF3EA8 /* iOS-To Do AppUITests.xctest */;
			productType = "com.apple.product-type.bundle.ui-testing";
		};
/* End PBXNativeTarget section */

/* Begin PBXProject section */
		48D2981D1F43540E00FF3EA8 /* Project object */ = {
			isa = PBXProject;
			attributes = {
				LastSwiftUpdateCheck = 0830;
				LastUpgradeCheck = 0830;
				ORGANIZATIONNAME = "Laurie McGee";
				TargetAttributes = {
					48D298241F43540E00FF3EA8 = {
						CreatedOnToolsVersion = 8.3.3;
						ProvisioningStyle = Automatic;
					};
					48D298381F43540E00FF3EA8 = {
						CreatedOnToolsVersion = 8.3.3;
						ProvisioningStyle = Automatic;
						TestTargetID = 48D298241F43540E00FF3EA8;
					};
					48D298431F43540E00FF3EA8 = {
						CreatedOnToolsVersion = 8.3.3;
						ProvisioningStyle = Automatic;
						TestTargetID = 48D298241F43540E00FF3EA8;
					};
				};
			};
			buildConfigurationList = 48D298201F43540E00FF3EA8 /* Build configuration list for PBXProject "iOS-To Do App" */;
			compatibilityVersion = "Xcode 3.2";
			developmentRegion = English;
			hasScannedForEncodings = 0;
			knownRegions = (
				en,
				Base,
			);
			mainGroup = 48D2981C1F43540E00FF3EA8;
			productRefGroup = 48D298261F43540E00FF3EA8 /* Products */;
			projectDirPath = "";
			projectRoot = "";
			targets = (
				48D298241F43540E00FF3EA8 /* iOS-To Do App */,
				48D298381F43540E00FF3EA8 /* iOS-To Do AppTests */,
				48D298431F43540E00FF3EA8 /* iOS-To Do AppUITests */,
			);
		};
/* End PBXProject section */

/* Begin PBXResourcesBuildPhase section */
		48D298231F43540E00FF3EA8 /* Resources */ = {
			isa = PBXResourcesBuildPhase;
			buildActionMask = 2147483647;
			files = (
				48D298331F43540E00FF3EA8 /* LaunchScreen.storyboard in Resources */,
				48D298301F43540E00FF3EA8 /* Assets.xcassets in Resources */,
				48D2982E1F43540E00FF3EA8 /* Main.storyboard in Resources */,
			);
			runOnlyForDeploymentPostprocessing = 0;
		};
		48D298371F43540E00FF3EA8 /* Resources */ = {
			isa = PBXResourcesBuildPhase;
			buildActionMask = 2147483647;
			files = (
			);
			runOnlyForDeploymentPostprocessing = 0;
		};
		48D298421F43540E00FF3EA8 /* Resources */ = {
			isa = PBXResourcesBuildPhase;
			buildActionMask = 2147483647;
			files = (
			);
			runOnlyForDeploymentPostprocessing = 0;
		};
/* End PBXResourcesBuildPhase section */

/* Begin PBXSourcesBuildPhase section */
		48D298211F43540E00FF3EA8 /* Sources */ = {
			isa = PBXSourcesBuildPhase;
			buildActionMask = 2147483647;
			files = (
				48D2982B1F43540E00FF3EA8 /* ViewController.swift in Sources */,
				48D298291F43540E00FF3EA8 /* AppDelegate.swift in Sources */,
			);
			runOnlyForDeploymentPostprocessing = 0;
		};
		48D298351F43540E00FF3EA8 /* Sources */ = {
			isa = PBXSourcesBuildPhase;
			buildActionMask = 2147483647;
			files = (
				48D2983E1F43540E00FF3EA8 /* iOS_To_Do_AppTests.swift in Sources */,
			);
			runOnlyForDeploymentPostprocessing = 0;
		};
		48D298401F43540E00FF3EA8 /* Sources */ = {
			isa = PBXSourcesBuildPhase;
			buildActionMask = 2147483647;
			files = (
				48D298491F43540E00FF3EA8 /* iOS_To_Do_AppUITests.swift in Sources */,
			);
			runOnlyForDeploymentPostprocessing = 0;
		};
/* End PBXSourcesBuildPhase section */

/* Begin PBXTargetDependency section */
		48D2983B1F43540E00FF3EA8 /* PBXTargetDependency */ = {
			isa = PBXTargetDependency;
			target = 48D298241F43540E00FF3EA8 /* iOS-To Do App */;
			targetProxy = 48D2983A1F43540E00FF3EA8 /* PBXContainerItemProxy */;
		};
		48D298461F43540E00FF3EA8 /* PBXTargetDependency */ = {
			isa = PBXTargetDependency;
			target = 48D298241F43540E00FF3EA8 /* iOS-To Do App */;
			targetProxy = 48D298451F43540E00FF3EA8 /* PBXContainerItemProxy */;
		};
/* End PBXTargetDependency section */

/* Begin PBXVariantGroup section */
		48D2982C1F43540E00FF3EA8 /* Main.storyboard */ = {
			isa = PBXVariantGroup;
			children = (
				48D2982D1F43540E00FF3EA8 /* Base */,
			);
			name = Main.storyboard;
			sourceTree = "<group>";
		};
		48D298311F43540E00FF3EA8 /* LaunchScreen.storyboard */ = {
			isa = PBXVariantGroup;
			children = (
				48D298321F43540E00FF3EA8 /* Base */,
			);
			name = LaunchScreen.storyboard;
			sourceTree = "<group>";
		};
/* End PBXVariantGroup section */

/* Begin XCBuildConfiguration section */
		48D2984B1F43540E00FF3EA8 /* Debug */ = {
			isa = XCBuildConfiguration;
			buildSettings = {
				ALWAYS_SEARCH_USER_PATHS = NO;
				CLANG_ANALYZER_NONNULL = YES;
				CLANG_ANALYZER_NUMBER_OBJECT_CONVERSION = YES_AGGRESSIVE;
				CLANG_CXX_LANGUAGE_STANDARD = "gnu++0x";
				CLANG_CXX_LIBRARY = "libc++";
				CLANG_ENABLE_MODULES = YES;
				CLANG_ENABLE_OBJC_ARC = YES;
				CLANG_WARN_BOOL_CONVERSION = YES;
				CLANG_WARN_CONSTANT_CONVERSION = YES;
				CLANG_WARN_DIRECT_OBJC_ISA_USAGE = YES_ERROR;
				CLANG_WARN_DOCUMENTATION_COMMENTS = YES;
				CLANG_WARN_EMPTY_BODY = YES;
				CLANG_WARN_ENUM_CONVERSION = YES;
				CLANG_WARN_INFINITE_RECURSION = YES;
				CLANG_WARN_INT_CONVERSION = YES;
				CLANG_WARN_OBJC_ROOT_CLASS = YES_ERROR;
				CLANG_WARN_SUSPICIOUS_MOVE = YES;
				CLANG_WARN_UNREACHABLE_CODE = YES;
				CLANG_WARN__DUPLICATE_METHOD_MATCH = YES;
				"CODE_SIGN_IDENTITY[sdk=iphoneos*]" = "iPhone Developer";
				COPY_PHASE_STRIP = NO;
				DEBUG_INFORMATION_FORMAT = dwarf;
				ENABLE_STRICT_OBJC_MSGSEND = YES;
				ENABLE_TESTABILITY = YES;
				GCC_C_LANGUAGE_STANDARD = gnu99;
				GCC_DYNAMIC_NO_PIC = NO;
				GCC_NO_COMMON_BLOCKS = YES;
				GCC_OPTIMIZATION_LEVEL = 0;
				GCC_PREPROCESSOR_DEFINITIONS = (
					"DEBUG=1",
					"$(inherited)",
				);
				GCC_WARN_64_TO_32_BIT_CONVERSION = YES;
				GCC_WARN_ABOUT_RETURN_TYPE = YES_ERROR;
				GCC_WARN_UNDECLARED_SELECTOR = YES;
				GCC_WARN_UNINITIALIZED_AUTOS = YES_AGGRESSIVE;
				GCC_WARN_UNUSED_FUNCTION = YES;
				GCC_WARN_UNUSED_VARIABLE = YES;
				IPHONEOS_DEPLOYMENT_TARGET = 10.3;
				MTL_ENABLE_DEBUG_INFO = YES;
				ONLY_ACTIVE_ARCH = YES;
				SDKROOT = iphoneos;
				SWIFT_ACTIVE_COMPILATION_CONDITIONS = DEBUG;
				SWIFT_OPTIMIZATION_LEVEL = "-Onone";
			};
			name = Debug;
		};
		48D2984C1F43540E00FF3EA8 /* Release */ = {
			isa = XCBuildConfiguration;
			buildSettings = {
				ALWAYS_SEARCH_USER_PATHS = NO;
				CLANG_ANALYZER_NONNULL = YES;
				CLANG_ANALYZER_NUMBER_OBJECT_CONVERSION = YES_AGGRESSIVE;
				CLANG_CXX_LANGUAGE_STANDARD = "gnu++0x";
				CLANG_CXX_LIBRARY = "libc++";
				CLANG_ENABLE_MODULES = YES;
				CLANG_ENABLE_OBJC_ARC = YES;
				CLANG_WARN_BOOL_CONVERSION = YES;
				CLANG_WARN_CONSTANT_CONVERSION = YES;
				CLANG_WARN_DIRECT_OBJC_ISA_USAGE = YES_ERROR;
				CLANG_WARN_DOCUMENTATION_COMMENTS = YES;
				CLANG_WARN_EMPTY_BODY = YES;
				CLANG_WARN_ENUM_CONVERSION = YES;
				CLANG_WARN_INFINITE_RECURSION = YES;
				CLANG_WARN_INT_CONVERSION = YES;
				CLANG_WARN_OBJC_ROOT_CLASS = YES_ERROR;
				CLANG_WARN_SUSPICIOUS_MOVE = YES;
				CLANG_WARN_UNREACHABLE_CODE = YES;
				CLANG_WARN__DUPLICATE_METHOD_MATCH = YES;
				"CODE_SIGN_IDENTITY[sdk=iphoneos*]" = "iPhone Developer";
				COPY_PHASE_STRIP = NO;
				DEBUG_INFORMATION_FORMAT = "dwarf-with-dsym";
				ENABLE_NS_ASSERTIONS = NO;
				ENABLE_STRICT_OBJC_MSGSEND = YES;
				GCC_C_LANGUAGE_STANDARD = gnu99;
				GCC_NO_COMMON_BLOCKS = YES;
				GCC_WARN_64_TO_32_BIT_CONVERSION = YES;
				GCC_WARN_ABOUT_RETURN_TYPE = YES_ERROR;
				GCC_WARN_UNDECLARED_SELECTOR = YES;
				GCC_WARN_UNINITIALIZED_AUTOS = YES_AGGRESSIVE;
				GCC_WARN_UNUSED_FUNCTION = YES;
				GCC_WARN_UNUSED_VARIABLE = YES;
				IPHONEOS_DEPLOYMENT_TARGET = 10.3;
				MTL_ENABLE_DEBUG_INFO = NO;
				SDKROOT = iphoneos;
				SWIFT_OPTIMIZATION_LEVEL = "-Owholemodule";
				VALIDATE_PRODUCT = YES;
			};
			name = Release;
		};
		48D2984E1F43540E00FF3EA8 /* Debug */ = {
			isa = XCBuildConfiguration;
			buildSettings = {
				ASSETCATALOG_COMPILER_APPICON_NAME = AppIcon;
				INFOPLIST_FILE = "iOS-To Do App/Info.plist";
				LD_RUNPATH_SEARCH_PATHS = "$(inherited) @executable_path/Frameworks";
				PRODUCT_BUNDLE_IDENTIFIER = "com.lauriemcgee.iOS-To-Do-App";
				PRODUCT_NAME = "$(TARGET_NAME)";
				SWIFT_VERSION = 3.0;
			};
			name = Debug;
		};
		48D2984F1F43540E00FF3EA8 /* Release */ = {
			isa = XCBuildConfiguration;
			buildSettings = {
				ASSETCATALOG_COMPILER_APPICON_NAME = AppIcon;
				INFOPLIST_FILE = "iOS-To Do App/Info.plist";
				LD_RUNPATH_SEARCH_PATHS = "$(inherited) @executable_path/Frameworks";
				PRODUCT_BUNDLE_IDENTIFIER = "com.lauriemcgee.iOS-To-Do-App";
				PRODUCT_NAME = "$(TARGET_NAME)";
				SWIFT_VERSION = 3.0;
			};
			name = Release;
		};
		48D298511F43540E00FF3EA8 /* Debug */ = {
			isa = XCBuildConfiguration;
			buildSettings = {
				ALWAYS_EMBED_SWIFT_STANDARD_LIBRARIES = YES;
				BUNDLE_LOADER = "$(TEST_HOST)";
				INFOPLIST_FILE = "iOS-To Do AppTests/Info.plist";
				LD_RUNPATH_SEARCH_PATHS = "$(inherited) @executable_path/Frameworks @loader_path/Frameworks";
				PRODUCT_BUNDLE_IDENTIFIER = "com.lauriemcgee.iOS-To-Do-AppTests";
				PRODUCT_NAME = "$(TARGET_NAME)";
				SWIFT_VERSION = 3.0;
				TEST_HOST = "$(BUILT_PRODUCTS_DIR)/iOS-To Do App.app/iOS-To Do App";
			};
			name = Debug;
		};
		48D298521F43540E00FF3EA8 /* Release */ = {
			isa = XCBuildConfiguration;
			buildSettings = {
				ALWAYS_EMBED_SWIFT_STANDARD_LIBRARIES = YES;
				BUNDLE_LOADER = "$(TEST_HOST)";
				INFOPLIST_FILE = "iOS-To Do AppTests/Info.plist";
				LD_RUNPATH_SEARCH_PATHS = "$(inherited) @executable_path/Frameworks @loader_path/Frameworks";
				PRODUCT_BUNDLE_IDENTIFIER = "com.lauriemcgee.iOS-To-Do-AppTests";
				PRODUCT_NAME = "$(TARGET_NAME)";
				SWIFT_VERSION = 3.0;
				TEST_HOST = "$(BUILT_PRODUCTS_DIR)/iOS-To Do App.app/iOS-To Do App";
			};
			name = Release;
		};
		48D298541F43540E00FF3EA8 /* Debug */ = {
			isa = XCBuildConfiguration;
			buildSettings = {
				ALWAYS_EMBED_SWIFT_STANDARD_LIBRARIES = YES;
				INFOPLIST_FILE = "iOS-To Do AppUITests/Info.plist";
				LD_RUNPATH_SEARCH_PATHS = "$(inherited) @executable_path/Frameworks @loader_path/Frameworks";
				PRODUCT_BUNDLE_IDENTIFIER = "com.lauriemcgee.iOS-To-Do-AppUITests";
				PRODUCT_NAME = "$(TARGET_NAME)";
				SWIFT_VERSION = 3.0;
				TEST_TARGET_NAME = "iOS-To Do App";
			};
			name = Debug;
		};
		48D298551F43540E00FF3EA8 /* Release */ = {
			isa = XCBuildConfiguration;
			buildSettings = {
				ALWAYS_EMBED_SWIFT_STANDARD_LIBRARIES = YES;
				INFOPLIST_FILE = "iOS-To Do AppUITests/Info.plist";
				LD_RUNPATH_SEARCH_PATHS = "$(inherited) @executable_path/Frameworks @loader_path/Frameworks";
				PRODUCT_BUNDLE_IDENTIFIER = "com.lauriemcgee.iOS-To-Do-AppUITests";
				PRODUCT_NAME = "$(TARGET_NAME)";
				SWIFT_VERSION = 3.0;
				TEST_TARGET_NAME = "iOS-To Do App";
			};
			name = Release;
		};
/* End XCBuildConfiguration section */

/* Begin XCConfigurationList section */
		48D298201F43540E00FF3EA8 /* Build configuration list for PBXProject "iOS-To Do App" */ = {
			isa = XCConfigurationList;
			buildConfigurations = (
				48D2984B1F43540E00FF3EA8 /* Debug */,
				48D2984C1F43540E00FF3EA8 /* Release */,
			);
			defaultConfigurationIsVisible = 0;
			defaultConfigurationName = Release;
		};
		48D2984D1F43540E00FF3EA8 /* Build configuration list for PBXNativeTarget "iOS-To Do App" */ = {
			isa = XCConfigurationList;
			buildConfigurations = (
				48D2984E1F43540E00FF3EA8 /* Debug */,
				48D2984F1F43540E00FF3EA8 /* Release */,
			);
			defaultConfigurationIsVisible = 0;
		};
		48D298501F43540E00FF3EA8 /* Build configuration list for PBXNativeTarget "iOS-To Do AppTests" */ = {
			isa = XCConfigurationList;
			buildConfigurations = (
				48D298511F43540E00FF3EA8 /* Debug */,
				48D298521F43540E00FF3EA8 /* Release */,
			);
			defaultConfigurationIsVisible = 0;
		};
		48D298531F43540E00FF3EA8 /* Build configuration list for PBXNativeTarget "iOS-To Do AppUITests" */ = {
			isa = XCConfigurationList;
			buildConfigurations = (
				48D298541F43540E00FF3EA8 /* Debug */,
				48D298551F43540E00FF3EA8 /* Release */,
			);
			defaultConfigurationIsVisible = 0;
		};
/* End XCConfigurationList section */
	};
	rootObject = 48D2981D1F43540E00FF3EA8 /* Project object */;
}
